// !$*UTF8*$!
{
	archiveVersion = 1;
	classes = {
	};
	objectVersion = 77;
	objects = {

/* Begin PBXBuildFile section */
		7B1B468F2FFB05E900C6F2EA /* README.md in Resources */ = {isa = PBXBuildFile; fileRef = 7B1B468E2FFB05E900C6F2EA /* README.md */; };
/* End PBXBuildFile section */

/* Begin PBXContainerItemProxy section */
		7B1B455D2FFAE88500C6F2EA /* PBXContainerItemProxy */ = {
			isa = PBXContainerItemProxy;
			containerPortal = 7B1B45472FFAE88300C6F2EA /* Project object */;
			proxyType = 1;
			remoteGlobalIDString = 7B1B454E2FFAE88300C6F2EA;
			remoteInfo = UmitDietCompanion;
		};
		7B1B45672FFAE88500C6F2EA /* PBXContainerItemProxy */ = {
			isa = PBXContainerItemProxy;
			containerPortal = 7B1B45472FFAE88300C6F2EA /* Project object */;
			proxyType = 1;
			remoteGlobalIDString = 7B1B454E2FFAE88300C6F2EA;
			remoteInfo = UmitDietCompanion;
		};
/* End PBXContainerItemProxy section */

/* Begin PBXFileReference section */
		7B1B454F2FFAE88300C6F2EA /* UmitDietCompanion.app */ = {isa = PBXFileReference; explicitFileType = wrapper.application; includeInIndex = 0; path = UmitDietCompanion.app; sourceTree = BUILT_PRODUCTS_DIR; };
		7B1B455C2FFAE88500C6F2EA /* UmitDietCompanionTests.xctest */ = {isa = PBXFileReference; explicitFileType = wrapper.cfbundle; includeInIndex = 0; path = UmitDietCompanionTests.xctest; sourceTree = BUILT_PRODUCTS_DIR; };
		7B1B45662FFAE88500C6F2EA /* UmitDietCompanionUITests.xctest */ = {isa = PBXFileReference; explicitFileType = wrapper.cfbundle; includeInIndex = 0; path = UmitDietCompanionUITests.xctest; sourceTree = BUILT_PRODUCTS_DIR; };
		7B1B468E2FFB05E900C6F2EA /* README.md */ = {isa = PBXFileReference; lastKnownFileType = net.daringfireball.markdown; path = README.md; sourceTree = "<group>"; };
/* End PBXFileReference section */

/* Begin PBXFileSystemSynchronizedBuildFileExceptionSet section */
		7B1B474D3001158700C6F2EA /* Exceptions for "UmitDietCompanion" folder in "UmitDietCompanion" target */ = {
			isa = PBXFileSystemSynchronizedBuildFileExceptionSet;
			membershipExceptions = (
				Info.plist,
			);
			target = 7B1B454E2FFAE88300C6F2EA /* UmitDietCompanion */;
		};
/* End PBXFileSystemSynchronizedBuildFileExceptionSet section */

/* Begin PBXFileSystemSynchronizedRootGroup section */
		7B1B45512FFAE88300C6F2EA /* UmitDietCompanion */ = {
			isa = PBXFileSystemSynchronizedRootGroup;
			exceptions = (
				7B1B474D3001158700C6F2EA /* Exceptions for "UmitDietCompanion" folder in "UmitDietCompanion" target */,
			);
			path = UmitDietCompanion;
			sourceTree = "<group>";
		};
		7B1B455F2FFAE88500C6F2EA /* UmitDietCompanionTests */ = {
			isa = PBXFileSystemSynchronizedRootGroup;
			path = UmitDietCompanionTests;
			sourceTree = "<group>";
		};
		7B1B45692FFAE88500C6F2EA /* UmitDietCompanionUITests */ = {
			isa = PBXFileSystemSynchronizedRootGroup;
			path = UmitDietCompanionUITests;
			sourceTree = "<group>";
		};
/* End PBXFileSystemSynchronizedRootGroup section */

/* Begin PBXFrameworksBuildPhase section */
		7B1B454C2FFAE88300C6F2EA /* Frameworks */ = {
			isa = PBXFrameworksBuildPhase;
			buildActionMask = 2147483647;
			files = (
			);
			runOnlyForDeploymentPostprocessing = 0;
		};
		7B1B45592FFAE88500C6F2EA /* Frameworks */ = {
			isa = PBXFrameworksBuildPhase;
			buildActionMask = 2147483647;
			files = (
			);
			runOnlyForDeploymentPostprocessing = 0;
		};
		7B1B45632FFAE88500C6F2EA /* Frameworks */ = {
			isa = PBXFrameworksBuildPhase;
			buildActionMask = 2147483647;
			files = (
			);
			runOnlyForDeploymentPostprocessing = 0;
		};
/* End PBXFrameworksBuildPhase section */

/* Begin PBXGroup section */
		7B1B45462FFAE88300C6F2EA = {
			isa = PBXGroup;
			children = (
				7B1B468E2FFB05E900C6F2EA /* README.md */,
				7B1B455F2FFAE88500C6F2EA /* UmitDietCompanionTests */,
				7B1B45692FFAE88500C6F2EA /* UmitDietCompanionUITests */,
				7B1B45502FFAE88300C6F2EA /* Products */,
				7B1B45512FFAE88300C6F2EA /* UmitDietCompanion */,
			);
			sourceTree = "<group>";
		};
		7B1B45502FFAE88300C6F2EA /* Products */ = {
			isa = PBXGroup;
			children = (
				7B1B454F2FFAE88300C6F2EA /* UmitDietCompanion.app */,
				7B1B455C2FFAE88500C6F2EA /* UmitDietCompanionTests.xctest */,
				7B1B45662FFAE88500C6F2EA /* UmitDietCompanionUITests.xctest */,
			);
			name = Products;
			sourceTree = "<group>";
		};
/* End PBXGroup section */

/* Begin PBXNativeTarget section */
		7B1B454E2FFAE88300C6F2EA /* UmitDietCompanion */ = {
			isa = PBXNativeTarget;
			buildConfigurationList = 7B1B45702FFAE88500C6F2EA /* Build configuration list for PBXNativeTarget "UmitDietCompanion" */;
			buildPhases = (
				7B1B454B2FFAE88300C6F2EA /* Sources */,
				7B1B454C2FFAE88300C6F2EA /* Frameworks */,
				7B1B454D2FFAE88300C6F2EA /* Resources */,
			);
			buildRules = (
			);
			dependencies = (
			);
			fileSystemSynchronizedGroups = (
				7B1B45512FFAE88300C6F2EA /* UmitDietCompanion */,
			);
			name = UmitDietCompanion;
			packageProductDependencies = (
			);
			productName = UmitDietCompanion;
			productReference = 7B1B454F2FFAE88300C6F2EA /* UmitDietCompanion.app */;
			productType = "com.apple.product-type.application";
		};
		7B1B455B2FFAE88500C6F2EA /* UmitDietCompanionTests */ = {
			isa = PBXNativeTarget;
			buildConfigurationList = 7B1B45732FFAE88500C6F2EA /* Build configuration list for PBXNativeTarget "UmitDietCompanionTests" */;
			buildPhases = (
				7B1B45582FFAE88500C6F2EA /* Sources */,
				7B1B45592FFAE88500C6F2EA /* Frameworks */,
				7B1B455A2FFAE88500C6F2EA /* Resources */,
			);
			buildRules = (
			);
			dependencies = (
				7B1B455E2FFAE88500C6F2EA /* PBXTargetDependency */,
			);
			fileSystemSynchronizedGroups = (
				7B1B455F2FFAE88500C6F2EA /* UmitDietCompanionTests */,
			);
			name = UmitDietCompanionTests;
			packageProductDependencies = (
			);
			productName = UmitDietCompanionTests;
			productReference = 7B1B455C2FFAE88500C6F2EA /* UmitDietCompanionTests.xctest */;
			productType = "com.apple.product-type.bundle.unit-test";
		};
		7B1B45652FFAE88500C6F2EA /* UmitDietCompanionUITests */ = {
			isa = PBXNativeTarget;
			buildConfigurationList = 7B1B45762FFAE88500C6F2EA /* Build configuration list for PBXNativeTarget "UmitDietCompanionUITests" */;
			buildPhases = (
				7B1B45622FFAE88500C6F2EA /* Sources */,
				7B1B45632FFAE88500C6F2EA /* Frameworks */,
				7B1B45642FFAE88500C6F2EA /* Resources */,
			);
			buildRules = (
			);
			dependencies = (
				7B1B45682FFAE88500C6F2EA /* PBXTargetDependency */,
			);
			fileSystemSynchronizedGroups = (
				7B1B45692FFAE88500C6F2EA /* UmitDietCompanionUITests */,
			);
			name = UmitDietCompanionUITests;
			packageProductDependencies = (
			);
			productName = UmitDietCompanionUITests;
			productReference = 7B1B45662FFAE88500C6F2EA /* UmitDietCompanionUITests.xctest */;
			productType = "com.apple.product-type.bundle.ui-testing";
		};
/* End PBXNativeTarget section */

/* Begin PBXProject section */
		7B1B45472FFAE88300C6F2EA /* Project object */ = {
			isa = PBXProject;
			attributes = {
				BuildIndependentTargetsInParallel = 1;
				LastSwiftUpdateCheck = 2660;
				LastUpgradeCheck = 2660;
				TargetAttributes = {
					7B1B454E2FFAE88300C6F2EA = {
						CreatedOnToolsVersion = 26.6;
					};
					7B1B455B2FFAE88500C6F2EA = {
						CreatedOnToolsVersion = 26.6;
						TestTargetID = 7B1B454E2FFAE88300C6F2EA;
					};
					7B1B45652FFAE88500C6F2EA = {
						CreatedOnToolsVersion = 26.6;
						TestTargetID = 7B1B454E2FFAE88300C6F2EA;
					};
				};
			};
			buildConfigurationList = 7B1B454A2FFAE88300C6F2EA /* Build configuration list for PBXProject "UmitDietCompanion" */;
			developmentRegion = en;
			hasScannedForEncodings = 0;
			knownRegions = (
				en,
				Base,
			);
			mainGroup = 7B1B45462FFAE88300C6F2EA;
			minimizedProjectReferenceProxies = 1;
			preferredProjectObjectVersion = 77;
			productRefGroup = 7B1B45502FFAE88300C6F2EA /* Products */;
			projectDirPath = "";
			projectRoot = "";
			targets = (
				7B1B454E2FFAE88300C6F2EA /* UmitDietCompanion */,
				7B1B455B2FFAE88500C6F2EA /* UmitDietCompanionTests */,
				7B1B45652FFAE88500C6F2EA /* UmitDietCompanionUITests */,
			);
		};
/* End PBXProject section */

/* Begin PBXResourcesBuildPhase section */
		7B1B454D2FFAE88300C6F2EA /* Resources */ = {
			isa = PBXResourcesBuildPhase;
			buildActionMask = 2147483647;
			files = (
				7B1B468F2FFB05E900C6F2EA /* README.md in Resources */,
			);
			runOnlyForDeploymentPostprocessing = 0;
		};
		7B1B455A2FFAE88500C6F2EA /* Resources */ = {
			isa = PBXResourcesBuildPhase;
			buildActionMask = 2147483647;
			files = (
			);
			runOnlyForDeploymentPostprocessing = 0;
		};
		7B1B45642FFAE88500C6F2EA /* Resources */ = {
			isa = PBXResourcesBuildPhase;
			buildActionMask = 2147483647;
			files = (
			);
			runOnlyForDeploymentPostprocessing = 0;
		};
/* End PBXResourcesBuildPhase section */

/* Begin PBXSourcesBuildPhase section */
		7B1B454B2FFAE88300C6F2EA /* Sources */ = {
			isa = PBXSourcesBuildPhase;
			buildActionMask = 2147483647;
			files = (
			);
			runOnlyForDeploymentPostprocessing = 0;
		};
		7B1B45582FFAE88500C6F2EA /* Sources */ = {
			isa = PBXSourcesBuildPhase;
			buildActionMask = 2147483647;
			files = (
			);
			runOnlyForDeploymentPostprocessing = 0;
		};
		7B1B45622FFAE88500C6F2EA /* Sources */ = {
			isa = PBXSourcesBuildPhase;
			buildActionMask = 2147483647;
			files = (
			);
			runOnlyForDeploymentPostprocessing = 0;
		};
/* End PBXSourcesBuildPhase section */

/* Begin PBXTargetDependency section */
		7B1B455E2FFAE88500C6F2EA /* PBXTargetDependency */ = {
			isa = PBXTargetDependency;
			target = 7B1B454E2FFAE88300C6F2EA /* UmitDietCompanion */;
			targetProxy = 7B1B455D2FFAE88500C6F2EA /* PBXContainerItemProxy */;
		};
		7B1B45682FFAE88500C6F2EA /* PBXTargetDependency */ = {
			isa = PBXTargetDependency;
			target = 7B1B454E2FFAE88300C6F2EA /* UmitDietCompanion */;
			targetProxy = 7B1B45672FFAE88500C6F2EA /* PBXContainerItemProxy */;
		};
/* End PBXTargetDependency section */

/* Begin XCBuildConfiguration section */
		7B1B456E2FFAE88500C6F2EA /* Debug */ = {
			isa = XCBuildConfiguration;
			buildSettings = {
				ALWAYS_SEARCH_USER_PATHS = NO;
				ASSETCATALOG_COMPILER_GENERATE_SWIFT_ASSET_SYMBOL_EXTENSIONS = YES;
				CLANG_ANALYZER_NONNULL = YES;
				CLANG_ANALYZER_NUMBER_OBJECT_CONVERSION = YES_AGGRESSIVE;
				CLANG_CXX_LANGUAGE_STANDARD = "gnu++20";
				CLANG_ENABLE_MODULES = YES;
				CLANG_ENABLE_OBJC_ARC = YES;
				CLANG_ENABLE_OBJC_WEAK = YES;
				CLANG_WARN_BLOCK_CAPTURE_AUTORELEASING = YES;
				CLANG_WARN_BOOL_CONVERSION = YES;
				CLANG_WARN_COMMA = YES;
				CLANG_WARN_CONSTANT_CONVERSION = YES;
				CLANG_WARN_DEPRECATED_OBJC_IMPLEMENTATIONS = YES;
				CLANG_WARN_DIRECT_OBJC_ISA_USAGE = YES_ERROR;
				CLANG_WARN_DOCUMENTATION_COMMENTS = YES;
				CLANG_WARN_EMPTY_BODY = YES;
				CLANG_WARN_ENUM_CONVERSION = YES;
				CLANG_WARN_INFINITE_RECURSION = YES;
				CLANG_WARN_INT_CONVERSION = YES;
				CLANG_WARN_NON_LITERAL_NULL_CONVERSION = YES;
				CLANG_WARN_OBJC_IMPLICIT_RETAIN_SELF = YES;
				CLANG_WARN_OBJC_LITERAL_CONVERSION = YES;
				CLANG_WARN_OBJC_ROOT_CLASS = YES_ERROR;
				CLANG_WARN_QUOTED_INCLUDE_IN_FRAMEWORK_HEADER = YES;
				CLANG_WARN_RANGE_LOOP_ANALYSIS = YES;
				CLANG_WARN_STRICT_PROTOTYPES = YES;
				CLANG_WARN_SUSPICIOUS_MOVE = YES;
				CLANG_WARN_UNGUARDED_AVAILABILITY = YES_AGGRESSIVE;
				CLANG_WARN_UNREACHABLE_CODE = YES;
				CLANG_WARN__DUPLICATE_METHOD_MATCH = YES;
				COPY_PHASE_STRIP = NO;
				DEBUG_INFORMATION_FORMAT = dwarf;
				DEVELOPMENT_TEAM = H2GMVD4FL4;
				ENABLE_STRICT_OBJC_MSGSEND = YES;
				ENABLE_TESTABILITY = YES;
				ENABLE_USER_SCRIPT_SANDBOXING = YES;
				GCC_C_LANGUAGE_STANDARD = gnu17;
				GCC_DYNAMIC_NO_PIC = NO;
				GCC_NO_COMMON_BLOCKS = YES;
				GCC_OPTIMIZATION_LEVEL = 0;
				GCC_PREPROCESSOR_DEFINITIONS = (
					"DEBUG=1",
					"$(inherited)",
				);
				GCC_WARN_64_TO_32_BIT_CONVERSION = YES;
				GCC_WARN_ABOUT_RETURN_TYPE = YES_ERROR;
				GCC_WARN_UNDECLARED_SELECTOR = YES;
				GCC_WARN_UNINITIALIZED_AUTOS = YES_AGGRESSIVE;
				GCC_WARN_UNUSED_FUNCTION = YES;
				GCC_WARN_UNUSED_VARIABLE = YES;
				IPHONEOS_DEPLOYMENT_TARGET = 26.5;
				LOCALIZATION_PREFERS_STRING_CATALOGS = YES;
				MTL_ENABLE_DEBUG_INFO = INCLUDE_SOURCE;
				MTL_FAST_MATH = YES;
				ONLY_ACTIVE_ARCH = YES;
				SDKROOT = iphoneos;
				SWIFT_ACTIVE_COMPILATION_CONDITIONS = "DEBUG $(inherited)";
				SWIFT_OPTIMIZATION_LEVEL = "-Onone";
			};
			name = Debug;
		};
		7B1B456F2FFAE88500C6F2EA /* Release */ = {
			isa = XCBuildConfiguration;
			buildSettings = {
				ALWAYS_SEARCH_USER_PATHS = NO;
				ASSETCATALOG_COMPILER_GENERATE_SWIFT_ASSET_SYMBOL_EXTENSIONS = YES;
				CLANG_ANALYZER_NONNULL = YES;
				CLANG_ANALYZER_NUMBER_OBJECT_CONVERSION = YES_AGGRESSIVE;
				CLANG_CXX_LANGUAGE_STANDARD = "gnu++20";
				CLANG_ENABLE_MODULES = YES;
				CLANG_ENABLE_OBJC_ARC = YES;
				CLANG_ENABLE_OBJC_WEAK = YES;
				CLANG_WARN_BLOCK_CAPTURE_AUTORELEASING = YES;
				CLANG_WARN_BOOL_CONVERSION = YES;
				CLANG_WARN_COMMA = YES;
				CLANG_WARN_CONSTANT_CONVERSION = YES;
				CLANG_WARN_DEPRECATED_OBJC_IMPLEMENTATIONS = YES;
				CLANG_WARN_DIRECT_OBJC_ISA_USAGE = YES_ERROR;
				CLANG_WARN_DOCUMENTATION_COMMENTS = YES;
				CLANG_WARN_EMPTY_BODY = YES;
				CLANG_WARN_ENUM_CONVERSION = YES;
				CLANG_WARN_INFINITE_RECURSION = YES;
				CLANG_WARN_INT_CONVERSION = YES;
				CLANG_WARN_NON_LITERAL_NULL_CONVERSION = YES;
				CLANG_WARN_OBJC_IMPLICIT_RETAIN_SELF = YES;
				CLANG_WARN_OBJC_LITERAL_CONVERSION = YES;
				CLANG_WARN_OBJC_ROOT_CLASS = YES_ERROR;
				CLANG_WARN_QUOTED_INCLUDE_IN_FRAMEWORK_HEADER = YES;
				CLANG_WARN_RANGE_LOOP_ANALYSIS = YES;
				CLANG_WARN_STRICT_PROTOTYPES = YES;
				CLANG_WARN_SUSPICIOUS_MOVE = YES;
				CLANG_WARN_UNGUARDED_AVAILABILITY = YES_AGGRESSIVE;
				CLANG_WARN_UNREACHABLE_CODE = YES;
				CLANG_WARN__DUPLICATE_METHOD_MATCH = YES;
				COPY_PHASE_STRIP = NO;
				DEBUG_INFORMATION_FORMAT = "dwarf-with-dsym";
				DEVELOPMENT_TEAM = H2GMVD4FL4;
				ENABLE_NS_ASSERTIONS = NO;
				ENABLE_STRICT_OBJC_MSGSEND = YES;
				ENABLE_USER_SCRIPT_SANDBOXING = YES;
				GCC_C_LANGUAGE_STANDARD = gnu17;
				GCC_NO_COMMON_BLOCKS = YES;
				GCC_WARN_64_TO_32_BIT_CONVERSION = YES;
				GCC_WARN_ABOUT_RETURN_TYPE = YES_ERROR;
				GCC_WARN_UNDECLARED_SELECTOR = YES;
				GCC_WARN_UNINITIALIZED_AUTOS = YES_AGGRESSIVE;
				GCC_WARN_UNUSED_FUNCTION = YES;
				GCC_WARN_UNUSED_VARIABLE = YES;
				IPHONEOS_DEPLOYMENT_TARGET = 26.5;
				LOCALIZATION_PREFERS_STRING_CATALOGS = YES;
				MTL_ENABLE_DEBUG_INFO = NO;
				MTL_FAST_MATH = YES;
				SDKROOT = iphoneos;
				SWIFT_COMPILATION_MODE = wholemodule;
				VALIDATE_PRODUCT = YES;
			};
			name = Release;
		};
		7B1B45712FFAE88500C6F2EA /* Debug */ = {
			isa = XCBuildConfiguration;
			buildSettings = {
				ASSETCATALOG_COMPILER_APPICON_NAME = AppIcon;
				ASSETCATALOG_COMPILER_GLOBAL_ACCENT_COLOR_NAME = AccentColor;
				CODE_SIGN_ENTITLEMENTS = UmitDietCompanion/UmitDietCompanion.entitlements;
				CODE_SIGN_STYLE = Automatic;
				CURRENT_PROJECT_VERSION = 1;
				DEVELOPMENT_TEAM = H2GMVD4FL4;
				ENABLE_PREVIEWS = YES;
				GENERATE_INFOPLIST_FILE = NO;
				"INFOPLIST_FILE[sdk=*]" = UmitDietCompanion/Info.plist;
				INFOPLIST_KEY_NSHealthUpdateUsageDescription = "Ümit Diet Companion gerektiğinde sağlık hedeflerinizi ve izinlerinizi yönetmek için HealthKit erişimini kullanır.";
				INFOPLIST_KEY_UIApplicationSceneManifest_Generation = YES;
				INFOPLIST_KEY_UIApplicationSupportsIndirectInputEvents = YES;
				INFOPLIST_KEY_UILaunchScreen_Generation = YES;
				INFOPLIST_KEY_UISupportedInterfaceOrientations_iPad = "UIInterfaceOrientationPortrait UIInterfaceOrientationPortraitUpsideDown UIInterfaceOrientationLandscapeLeft UIInterfaceOrientationLandscapeRight";
				INFOPLIST_KEY_UISupportedInterfaceOrientations_iPhone = "UIInterfaceOrientationPortrait UIInterfaceOrientationLandscapeLeft UIInterfaceOrientationLandscapeRight";
				LD_RUNPATH_SEARCH_PATHS = (
					"$(inherited)",
					"@executable_path/Frameworks",
				);
				MARKETING_VERSION = 1.0;
				PRODUCT_BUNDLE_IDENTIFIER = com.umit.unsoy.UmitDietCompanion;
				PRODUCT_NAME = "$(TARGET_NAME)";
				STRING_CATALOG_GENERATE_SYMBOLS = YES;
				SWIFT_APPROACHABLE_CONCURRENCY = YES;
				SWIFT_DEFAULT_ACTOR_ISOLATION = MainActor;
				SWIFT_EMIT_LOC_STRINGS = YES;
				SWIFT_UPCOMING_FEATURE_MEMBER_IMPORT_VISIBILITY = YES;
				SWIFT_VERSION = 5.0;
				TARGETED_DEVICE_FAMILY = "1,2";
			};
			name = Debug;
		};
		7B1B45722FFAE88500C6F2EA /* Release */ = {
			isa = XCBuildConfiguration;
			buildSettings = {
				ASSETCATALOG_COMPILER_APPICON_NAME = AppIcon;
				ASSETCATALOG_COMPILER_GLOBAL_ACCENT_COLOR_NAME = AccentColor;
				CODE_SIGN_ENTITLEMENTS = UmitDietCompanion/UmitDietCompanion.entitlements;
				CODE_SIGN_STYLE = Automatic;
				CURRENT_PROJECT_VERSION = 1;
				DEVELOPMENT_TEAM = H2GMVD4FL4;
				ENABLE_PREVIEWS = YES;
				GENERATE_INFOPLIST_FILE = NO;
				"INFOPLIST_FILE[sdk=*]" = UmitDietCompanion/Info.plist;
				INFOPLIST_KEY_NSHealthUpdateUsageDescription = "Ümit Diet Companion gerektiğinde sağlık hedeflerinizi ve izinlerinizi yönetmek için HealthKit erişimini kullanır.";
				INFOPLIST_KEY_UIApplicationSceneManifest_Generation = YES;
				INFOPLIST_KEY_UIApplicationSupportsIndirectInputEvents = YES;
				INFOPLIST_KEY_UILaunchScreen_Generation = YES;
				INFOPLIST_KEY_UISupportedInterfaceOrientations_iPad = "UIInterfaceOrientationPortrait UIInterfaceOrientationPortraitUpsideDown UIInterfaceOrientationLandscapeLeft UIInterfaceOrientationLandscapeRight";
				INFOPLIST_KEY_UISupportedInterfaceOrientations_iPhone = "UIInterfaceOrientationPortrait UIInterfaceOrientationLandscapeLeft UIInterfaceOrientationLandscapeRight";
				LD_RUNPATH_SEARCH_PATHS = (
					"$(inherited)",
					"@executable_path/Frameworks",
				);
				MARKETING_VERSION = 1.0;
				PRODUCT_BUNDLE_IDENTIFIER = com.umit.unsoy.UmitDietCompanion;
				PRODUCT_NAME = "$(TARGET_NAME)";
				STRING_CATALOG_GENERATE_SYMBOLS = YES;
				SWIFT_APPROACHABLE_CONCURRENCY = YES;
				SWIFT_DEFAULT_ACTOR_ISOLATION = MainActor;
				SWIFT_EMIT_LOC_STRINGS = YES;
				SWIFT_UPCOMING_FEATURE_MEMBER_IMPORT_VISIBILITY = YES;
				SWIFT_VERSION = 5.0;
				TARGETED_DEVICE_FAMILY = "1,2";
			};
			name = Release;
		};
		7B1B45742FFAE88500C6F2EA /* Debug */ = {
			isa = XCBuildConfiguration;
			buildSettings = {
				BUNDLE_LOADER = "$(TEST_HOST)";
				CODE_SIGN_STYLE = Automatic;
				CURRENT_PROJECT_VERSION = 1;
				DEVELOPMENT_TEAM = H2GMVD4FL4;
				GENERATE_INFOPLIST_FILE = YES;
				IPHONEOS_DEPLOYMENT_TARGET = 26.5;
				MARKETING_VERSION = 1.0;
				PRODUCT_BUNDLE_IDENTIFIER = com.umit.unsoy.UmitDietCompanionTests;
				PRODUCT_NAME = "$(TARGET_NAME)";
				STRING_CATALOG_GENERATE_SYMBOLS = NO;
				SWIFT_APPROACHABLE_CONCURRENCY = YES;
				SWIFT_EMIT_LOC_STRINGS = NO;
				SWIFT_UPCOMING_FEATURE_MEMBER_IMPORT_VISIBILITY = YES;
				SWIFT_VERSION = 5.0;
				TARGETED_DEVICE_FAMILY = "1,2";
				TEST_HOST = "$(BUILT_PRODUCTS_DIR)/UmitDietCompanion.app/$(BUNDLE_EXECUTABLE_FOLDER_PATH)/UmitDietCompanion";
			};
			name = Debug;
		};
		7B1B45752FFAE88500C6F2EA /* Release */ = {
			isa = XCBuildConfiguration;
			buildSettings = {
				BUNDLE_LOADER = "$(TEST_HOST)";
				CODE_SIGN_STYLE = Automatic;
				CURRENT_PROJECT_VERSION = 1;
				DEVELOPMENT_TEAM = H2GMVD4FL4;
				GENERATE_INFOPLIST_FILE = YES;
				IPHONEOS_DEPLOYMENT_TARGET = 26.5;
				MARKETING_VERSION = 1.0;
				PRODUCT_BUNDLE_IDENTIFIER = com.umit.unsoy.UmitDietCompanionTests;
				PRODUCT_NAME = "$(TARGET_NAME)";
				STRING_CATALOG_GENERATE_SYMBOLS = NO;
				SWIFT_APPROACHABLE_CONCURRENCY = YES;
				SWIFT_EMIT_LOC_STRINGS = NO;
				SWIFT_UPCOMING_FEATURE_MEMBER_IMPORT_VISIBILITY = YES;
				SWIFT_VERSION = 5.0;
				TARGETED_DEVICE_FAMILY = "1,2";
				TEST_HOST = "$(BUILT_PRODUCTS_DIR)/UmitDietCompanion.app/$(BUNDLE_EXECUTABLE_FOLDER_PATH)/UmitDietCompanion";
			};
			name = Release;
		};
		7B1B45772FFAE88500C6F2EA /* Debug */ = {
			isa = XCBuildConfiguration;
			buildSettings = {
				CODE_SIGN_STYLE = Automatic;
				CURRENT_PROJECT_VERSION = 1;
				DEVELOPMENT_TEAM = H2GMVD4FL4;
				GENERATE_INFOPLIST_FILE = YES;
				MARKETING_VERSION = 1.0;
				PRODUCT_BUNDLE_IDENTIFIER = com.umit.unsoy.UmitDietCompanionUITests;
				PRODUCT_NAME = "$(TARGET_NAME)";
				STRING_CATALOG_GENERATE_SYMBOLS = NO;
				SWIFT_APPROACHABLE_CONCURRENCY = YES;
				SWIFT_EMIT_LOC_STRINGS = NO;
				SWIFT_UPCOMING_FEATURE_MEMBER_IMPORT_VISIBILITY = YES;
				SWIFT_VERSION = 5.0;
				TARGETED_DEVICE_FAMILY = "1,2";
				TEST_TARGET_NAME = UmitDietCompanion;
			};
			name = Debug;
		};
		7B1B45782FFAE88500C6F2EA /* Release */ = {
			isa = XCBuildConfiguration;
			buildSettings = {
				CODE_SIGN_STYLE = Automatic;
				CURRENT_PROJECT_VERSION = 1;
				DEVELOPMENT_TEAM = H2GMVD4FL4;
				GENERATE_INFOPLIST_FILE = YES;
				MARKETING_VERSION = 1.0;
				PRODUCT_BUNDLE_IDENTIFIER = com.umit.unsoy.UmitDietCompanionUITests;
				PRODUCT_NAME = "$(TARGET_NAME)";
				STRING_CATALOG_GENERATE_SYMBOLS = NO;
				SWIFT_APPROACHABLE_CONCURRENCY = YES;
				SWIFT_EMIT_LOC_STRINGS = NO;
				SWIFT_UPCOMING_FEATURE_MEMBER_IMPORT_VISIBILITY = YES;
				SWIFT_VERSION = 5.0;
				TARGETED_DEVICE_FAMILY = "1,2";
				TEST_TARGET_NAME = UmitDietCompanion;
			};
			name = Release;
		};
/* End XCBuildConfiguration section */

/* Begin XCConfigurationList section */
		7B1B454A2FFAE88300C6F2EA /* Build configuration list for PBXProject "UmitDietCompanion" */ = {
			isa = XCConfigurationList;
			buildConfigurations = (
				7B1B456E2FFAE88500C6F2EA /* Debug */,
				7B1B456F2FFAE88500C6F2EA /* Release */,
			);
			defaultConfigurationIsVisible = 0;
			defaultConfigurationName = Release;
		};
		7B1B45702FFAE88500C6F2EA /* Build configuration list for PBXNativeTarget "UmitDietCompanion" */ = {
			isa = XCConfigurationList;
			buildConfigurations = (
				7B1B45712FFAE88500C6F2EA /* Debug */,
				7B1B45722FFAE88500C6F2EA /* Release */,
			);
			defaultConfigurationIsVisible = 0;
			defaultConfigurationName = Release;
		};
		7B1B45732FFAE88500C6F2EA /* Build configuration list for PBXNativeTarget "UmitDietCompanionTests" */ = {
			isa = XCConfigurationList;
			buildConfigurations = (
				7B1B45742FFAE88500C6F2EA /* Debug */,
				7B1B45752FFAE88500C6F2EA /* Release */,
			);
			defaultConfigurationIsVisible = 0;
			defaultConfigurationName = Release;
		};
		7B1B45762FFAE88500C6F2EA /* Build configuration list for PBXNativeTarget "UmitDietCompanionUITests" */ = {
			isa = XCConfigurationList;
			buildConfigurations = (
				7B1B45772FFAE88500C6F2EA /* Debug */,
				7B1B45782FFAE88500C6F2EA /* Release */,
			);
			defaultConfigurationIsVisible = 0;
			defaultConfigurationName = Release;
		};
/* End XCConfigurationList section */
	};
	rootObject = 7B1B45472FFAE88300C6F2EA /* Project object */;
}
